
Microsoft Visual Studio Solution File, Format Version 12.00
# Visual Studio 2012
Project("{FAE04EC0-301F-11D3-BF4B-00C04F79EFBC}") = "Demo_Github", "Demo_Github\Demo_Github.csproj", "{214A6E19-74D7-440E-A56F-0EA5143586ED}"
EndProject
Global
	GlobalSection(SolutionConfigurationPlatforms) = preSolution
		Debug|Any CPU = Debug|Any CPU
		Release|Any CPU = Release|Any CPU
	EndGlobalSection
	GlobalSection(ProjectConfigurationPlatforms) = postSolution
		{214A6E19-74D7-440E-A56F-0EA5143586ED}.Debug|Any CPU.ActiveCfg = Debug|Any CPU
		{214A6E19-74D7-440E-A56F-0EA5143586ED}.Debug|Any CPU.Build.0 = Debug|Any CPU
		{214A6E19-74D7-440E-A56F-0EA5143586ED}.Release|Any CPU.ActiveCfg = Release|Any CPU
		{214A6E19-74D7-440E-A56F-0EA5143586ED}.Release|Any CPU.Build.0 = Release|Any CPU
	EndGlobalSection
	GlobalSection(SolutionProperties) = preSolution
		HideSolutionNode = FALSE
	EndGlobalSection
EndGlobal
